github.com/alecthomas/assert v0.0.0-20170929043011-405dbfeb8e38 h1:smF2tmSOzy2Mm+0dGI2AIUHY+w0BUc+4tn40djz7+6U=
github.com/alecthomas/assert v0.0.0-20170929043011-405dbfeb8e38/go.mod h1:r7bzyVFMNntcxPZXK3/+KdruV1H5KSlyVY0gc+NgInI=
github.com/alecthomas/chroma v0.6.2 h1:aV6n3C/Womqo1zPZ7eyI0viybDslfbgqTUqxMMyCrDM=
github.com/alecthomas/chroma v0.6.2/go.mod h1:quT2EpvJNqkuPi6DmBHB+E33FXBgBBPzyH5++Dn1LPc=
github.com/alecthomas/chroma v0.6.3 h1:8H1D0yddf0mvgvO4JDBKnzLd9ERmzzAijBxnZXGV/FA=
github.com/alecthomas/chroma v0.6.3/go.mod h1:quT2EpvJNqkuPi6DmBHB+E33FXBgBBPzyH5++Dn1LPc=
github.com/alecthomas/colour v0.0.0-20160524082231-60882d9e2721 h1:JHZL0hZKJ1VENNfmXvHbgYlbUOvpzYzvy2aZU5gXVeo=
github.com/alecthomas/colour v0.0.0-20160524082231-60882d9e2721/go.mod h1:QO9JBoKquHd+jz9nshCh40fOfO+JzsoXy8qTHF68zU0=
github.com/alecthomas/kong v0.1.15/go.mod h1:0m2VYms8rH0qbCqVB2gvGHk74bqLIq0HXjCs5bNbNQU=
github.com/alecthomas/repr v0.0.0-20180818092828-117648cd9897 h1:p9Sln00KOTlrYkxI1zYWl1QLnEqAqEARBEYa8FQnQcY=
github.com/alecthomas/repr v0.0.0-20180818092828-117648cd9897/go.mod h1:xTS7Pm1pD1mvyM075QCDSRqH6qRLXylzS24ZTpRiSzQ=
github.com/alecthomas/template v0.0.0-20160405071501-a0175ee3bccc h1:cAKDfWh5VpdgMhJosfJnn5/FoN2SRZ4p7fJNX58YPaU=
github.com/alecthomas/template v0.0.0-20160405071501-a0175ee3bccc/go.mod h1:LOuyumcjzFXgccqObfd/Ljyb9UuFJ6TxHnclSeseNhc=
github.com/chilts/sid v0.0.0-20180928232130-250d10e55bf4 h1:PfSw6tpd+EJTEhprqveK3ZzFBf7BT0ZHoACFeligUtM=
github.com/chilts/sid v0.0.0-20180928232130-250d10e55bf4/go.mod h1:kxfWM/bJqzYYYVVaPjV3BwVhmczj6UN60b4qD5BobDI=
github.com/danwakefield/fnmatch v0.0.0-20160403171240-cbb64ac3d964 h1:y5HC9v93H5EPKqaS1UYVg1uYah5Xf51mBfIoWehClUQ=
github.com/danwakefield/fnmatch v0.0.0-20160403171240-cbb64ac3d964/go.mod h1:Xd9hchkHSWYkEqJwUGisez3G1QY8Ryz0sdWrLPMGjLk=
github.com/davecgh/go-spew v1.1.1 h1:vj9j/u1bqnvCEfJOwUhtlOARqs3+rkHYY13jYWTU97c=
github.com/davecgh/go-spew v1.1.1/go.mod h1:J7Y8YcW2NihsgmVo/mv3lAwl/skON4iLHjSsI+c5H38=
github.com/dlclark/regexp2 v1.1.6 h1:CqB4MjHw0MFCDj+PHHjiESmHX+N7t0tJzKvC6M97BRg=
github.com/dlclark/regexp2 v1.1.6/go.mod h1:2pZnwuY/m+8K6iRw6wQdMtk+rH5tNGR1i55kozfMjCc=
github.com/gomarkdown/markdown v0.0.0-20181104084050-d1d0edeb5d85 h1:C0jjY7t3mKMmf4hXf4tYmc4KOZLx1K0em8kq685+JBM=
github.com/gomarkdown/markdown v0.0.0-20181104084050-d1d0edeb5d85/go.mod h1:gmFANS06wAVmF0B9yi65QKsRmPQ97tze7FRLswua+OY=
github.com/kjk/betterguid v0.0.0-20170621091430-c442874ba63a h1:b+Gt8sQs//Sl5Dcem5zP9Qc2FgEUAygREa2AAa2Vmcw=
github.com/kjk/betterguid v0.0.0-20170621091430-c442874ba63a/go.mod h1:uxRAhHE1nl34DpWgfe0CYbNYbCnYplaB6rZH9ReWtUk=
github.com/kjk/notionapi v0.0.0-20190201233602-ddf1f774f988 h1:IGbKXeIvxNGDxRi5CWkxdUkdY5UoczUU5dPWUasb8MU=
github.com/kjk/notionapi v0.0.0-20190201233602-ddf1f774f988/go.mod h1:Z/EMHQc5WHTPxNNOSLVgtCWGcZKUl/09/tXL/3rRDU0=
github.com/kjk/notionapi v0.0.0-20190322025246-8ffa904ade1a h1:b01uP7qdgDQEDQhxbmHGoudWqLb/CKV72odyw1kDMgc=
github.com/kjk/notionapi v0.0.0-20190322025246-8ffa904ade1a/go.mod h1:Z/EMHQc5WHTPxNNOSLVgtCWGcZKUl/09/tXL/3rRDU0=
github.com/kjk/notionapi v0.0.0-20190322033435-a48eced3bf87 h1:lF7Gx10NEYLGCszb4jTf6S3RoZ+hV3Qv9TVhS4zJN/g=
github.com/kjk/notionapi v0.0.0-20190322033435-a48eced3bf87/go.mod h1:Z/EMHQc5WHTPxNNOSLVgtCWGcZKUl/09/tXL/3rRDU0=
github.com/kjk/notionapi v0.0.0-20190322075546-7fc31d25aeb2 h1:lu/K5UEWsm4rbaZxc3ykwpaemv5V9Al8AimyVfKySXM=
github.com/kjk/notionapi v0.0.0-20190322075546-7fc31d25aeb2/go.mod h1:Z/EMHQc5WHTPxNNOSLVgtCWGcZKUl/09/tXL/3rRDU0=
github.com/kjk/notionapi v0.0.0-20190324094712-848667137479 h1:vgkhY2sqCTUDYiH6LzL4QOA9yda0OwEKuU+0vvmh/ZY=
github.com/kjk/notionapi v0.0.0-20190324094712-848667137479/go.mod h1:Z/EMHQc5WHTPxNNOSLVgtCWGcZKUl/09/tXL/3rRDU0=
github.com/kjk/notionapi v0.0.0-20190409091257-7eacf9bbb74d h1:wDcfASZJ04jGx07/MNYSUAQw5st/L4jaAHWJiqjIzuo=
github.com/kjk/notionapi v0.0.0-20190409091257-7eacf9bbb74d/go.mod h1:Z/EMHQc5WHTPxNNOSLVgtCWGcZKUl/09/tXL/3rRDU0=
github.com/kjk/notionapi v0.0.0-20190409103653-9523a2b0f2bc h1:FvDn9+X1tLPe+Ygm+CD4Lx37Uxn2iDdveRvD37/5VL0=
github.com/kjk/notionapi v0.0.0-20190409103653-9523a2b0f2bc/go.mod h1:Z/EMHQc5WHTPxNNOSLVgtCWGcZKUl/09/tXL/3rRDU0=
github.com/kjk/notionapi v0.0.0-20190409103944-ba03c4c66c83 h1:R7BQwbxXZOt3+4fHN/Vp378wj3dcgQmclZ27GJ6qmbo=
github.com/kjk/notionapi v0.0.0-20190409103944-ba03c4c66c83/go.mod h1:Z/EMHQc5WHTPxNNOSLVgtCWGcZKUl/09/tXL/3rRDU0=
github.com/kjk/notionapi v0.0.0-20190409160627-84e43f7077be h1:h4daGfoKmkRZMjwI1pTh8qt5wi+jEt18EkUYa+8JIqY=
github.com/kjk/notionapi v0.0.0-20190409160627-84e43f7077be/go.mod h1:Z/EMHQc5WHTPxNNOSLVgtCWGcZKUl/09/tXL/3rRDU0=
github.com/kjk/notionapi v0.0.0-20190409161436-fd6e679aadbc h1:DdjXkVSmR+qk4G+N/5wEslATKiawcsk0+P9CI5Igwtg=
github.com/kjk/notionapi v0.0.0-20190409161436-fd6e679aadbc/go.mod h1:Z/EMHQc5WHTPxNNOSLVgtCWGcZKUl/09/tXL/3rRDU0=
github.com/kjk/notionapi v0.0.0-20190409162916-1a9f9fb8e6b3 h1:/fJt1UqphxTCl4AoisqhndTNvJlQ+BHN5xU64y7IsoQ=
github.com/kjk/notionapi v0.0.0-20190409162916-1a9f9fb8e6b3/go.mod h1:Z/EMHQc5WHTPxNNOSLVgtCWGcZKUl/09/tXL/3rRDU0=
github.com/kjk/notionapi v0.0.0-20190409171736-0550584370a1 h1:Uf5SZhf4nPwJkyQZbE0FQfTx8UBWdyDZ4t5Ya3L23Pk=
github.com/kjk/notionapi v0.0.0-20190409171736-0550584370a1/go.mod h1:Z/EMHQc5WHTPxNNOSLVgtCWGcZKUl/09/tXL/3rRDU0=
github.com/kjk/notionapi v0.0.0-20190409175041-1843ff7a5b43 h1:YqZSYmGFgz1lHXTORRcuPbJOBsqj+A2kr/23zxys6vA=
github.com/kjk/notionapi v0.0.0-20190409175041-1843ff7a5b43/go.mod h1:Z/EMHQc5WHTPxNNOSLVgtCWGcZKUl/09/tXL/3rRDU0=
github.com/kjk/notionapi v0.0.0-20190409210600-a23710b7e43d h1:1R0ZL7crN7gq8trIMq8j8Vg1GdNYavLmZZHrSpM1pOo=
github.com/kjk/notionapi v0.0.0-20190409210600-a23710b7e43d/go.mod h1:Z/EMHQc5WHTPxNNOSLVgtCWGcZKUl/09/tXL/3rRDU0=
github.com/kjk/notionapi v0.0.0-20190409212542-9aca4feceae0 h1:E5T0B6O8JVnFPCBLleTh7QBawGpLCVN1edGl95DqtPc=
github.com/kjk/notionapi v0.0.0-20190409212542-9aca4feceae0/go.mod h1:Z/EMHQc5WHTPxNNOSLVgtCWGcZKUl/09/tXL/3rRDU0=
github.com/kjk/notionapi v0.0.0-20190409215821-014605ccfc0f h1:/00iWkOeIpP5p5RKk86mD+0NShlKh7FdLnCaX0ozLjo=
github.com/kjk/notionapi v0.0.0-20190409215821-014605ccfc0f/go.mod h1:Z/EMHQc5WHTPxNNOSLVgtCWGcZKUl/09/tXL/3rRDU0=
github.com/kjk/notionapi v0.0.0-20190409220120-3ea0cbcfb041 h1:gVEPqU1ZJOg2UfWfPD8dFuPP0GIyBuJvANH97MGilu0=
github.com/kjk/notionapi v0.0.0-20190409220120-3ea0cbcfb041/go.mod h1:Z/EMHQc5WHTPxNNOSLVgtCWGcZKUl/09/tXL/3rRDU0=
github.com/kjk/notionapi v0.0.0-20190409234751-7e4fe51c064c h1:iYm5zc1XaPEt6uZLkfksxhMLya1W5pFOP7ymR+P3jNM=
github.com/kjk/notionapi v0.0.0-20190409234751-7e4fe51c064c/go.mod h1:Z/EMHQc5WHTPxNNOSLVgtCWGcZKUl/09/tXL/3rRDU0=
github.com/kjk/notionapi v0.0.0-20190410080952-161ef4b0966b h1:PiaWdy3ikiSlEpicLPHErcmgJpJrCY9odAFbrtbvWpo=
github.com/kjk/notionapi v0.0.0-20190410080952-161ef4b0966b/go.mod h1:Z/EMHQc5WHTPxNNOSLVgtCWGcZKUl/09/tXL/3rRDU0=
github.com/kjk/notionapi v0.0.0-20190410210526-5ff6b2c281d4 h1:cWHw2ZpX54c8+02vWKnlwEJdR8cMBfngr85x+iR59zo=
github.com/kjk/notionapi v0.0.0-20190410210526-5ff6b2c281d4/go.mod h1:Z/EMHQc5WHTPxNNOSLVgtCWGcZKUl/09/tXL/3rRDU0=
github.com/kjk/notionapi v0.0.0-20190410215102-212e0be3dbe3 h1:1bccA0vLv/pP23hCdMReYv1eZP4oxLO35rfGksLJOnY=
github.com/kjk/notionapi v0.0.0-20190410215102-212e0be3dbe3/go.mod h1:Z/EMHQc5WHTPxNNOSLVgtCWGcZKUl/09/tXL/3rRDU0=
github.com/kjk/u v0.0.0-20170711051841-93181be023c9 h1:1j5Nzg2ooGH8dCMJiiMeRaW8nc299dVotlOkT9RTaK4=
github.com/kjk/u v0.0.0-20170711051841-93181be023c9/go.mod h1:1FuNJuW8o6xAHuUmu/8Iz26DkqkZJ353v42zJpkQonk=
github.com/kylelemons/godebug v0.0.0-20170820004349-d65d576e9348 h1:MtvEpTB6LX3vkb4ax0b5D2DHbNAUsen0Gx5wZoq3lV4=
github.com/kylelemons/godebug v0.0.0-20170820004349-d65d576e9348/go.mod h1:B69LEHPfb2qLo0BaaOLcbitczOKLWTsrBG9LczfCD4k=
github.com/mattn/go-colorable v0.0.9/go.mod h1:9vuHe8Xs5qXnSaW/c/ABM9alt+Vo+STaOChaDxuIBZU=
github.com/mattn/go-isatty v0.0.4 h1:bnP0vzxcAdeI1zdubAl5PjU6zsERjGZb7raWodagDYs=
github.com/mattn/go-isatty v0.0.4/go.mod h1:M+lRXTBqGeGNdLjl/ufCoiOlB5xdOkqRJdNxMWT7Zi4=
github.com/microcosm-cc/bluemonday v1.0.2 h1:5lPfLTTAvAbtS0VqT+94yOtFnGfUWYyx0+iToC3Os3s=
github.com/microcosm-cc/bluemonday v1.0.2/go.mod h1:iVP4YcDBq+n/5fb23BhYFvIMq/leAFZyRl6bYmGDlGc=
github.com/oklog/ulid v1.3.1 h1:EGfNDEx6MqHz8B3uNV6QAib1UR2Lm97sHi3ocA6ESJ4=
github.com/oklog/ulid v1.3.1/go.mod h1:CirwcVhetQ6Lv90oh/F+FBtV6XMibvdAFo93nm5qn4U=
github.com/pmezard/go-difflib v1.0.0 h1:4DBwDE0NGyQoBHbLQYPwSUPoCMWR5BEzIk/f1lZbAQM=
github.com/pmezard/go-difflib v1.0.0/go.mod h1:iKH77koFhYxTK1pcRnkKkqfTogsbg7gZNVY4sRDYZ/4=
github.com/rs/xid v1.2.1 h1:mhH9Nq+C1fY2l1XIpgxIiUOfNpRBYH1kKcr+qfKgjRc=
github.com/rs/xid v1.2.1/go.mod h1:+uKXf+4Djp6Md1KODXJxgGQPKngRmWyn10oCKFzNHOQ=
github.com/satori/go.uuid v1.2.0 h1:0uYX9dsZ2yD7q2RtLRtPSdGDWzjeM3TbMJP9utgA0ww=
github.com/satori/go.uuid v1.2.0/go.mod h1:dA0hQrYB0VpLJoorglMZABFdXlWrHn1NEOzdhQKdks0=
github.com/segmentio/ksuid v1.0.2 h1:9yBfKyw4ECGTdALaF09Snw3sLJmYIX6AbPJrAy6MrDc=
github.com/segmentio/ksuid v1.0.2/go.mod h1:BXuJDr2byAiHuQaQtSKoXh1J0YmUDurywOXgB2w+OSU=
github.com/sergi/go-diff v1.0.0 h1:Kpca3qRNrduNnOQeazBd0ysaKrUJiIuISHxogkT9RPQ=
github.com/sergi/go-diff v1.0.0/go.mod h1:0CfEIISq7TuYL3j771MWULgwwjU+GofnZX9QAmXWZgo=
github.com/sony/sonyflake v0.0.0-20181109022403-6d5bd6181009 h1:3wBL/e/qjpSYaXacpbIV+Bsj/nwQ4UO1llG/av54zzw=
github.com/sony/sonyflake v0.0.0-20181109022403-6d5bd6181009/go.mod h1:dVvZuWJd174umvm5g8CmZD6S2GWwHKtpK/0ZPHswuNo=
github.com/stretchr/testify v1.2.2 h1:bSDNvY7ZPG5RlJ8otE/7V6gMiyenm9RtJ7IUVIAoJ1w=
github.com/stretchr/testify v1.2.2/go.mod h1:a8OnRcib4nhh0OaRAV+Yts87kKdq0PP7pXfy6kDkUVs=
github.com/thomas11/atomgenerator v0.0.0-20140514140532-0b3b01da14a4 h1:ZuDKQkM6uOhKCeU05T5KCUk1AC6JS9AdWsUZqgyslnk=
github.com/thomas11/atomgenerator v0.0.0-20140514140532-0b3b01da14a4/go.mod h1:H3n3XjdGInSdZALpe4edjsyYeRIthfoQermE5Yn9b2o=
github.com/yosssi/gohtml v0.0.0-20190128141317-9b7db94d32d9 h1:fy3FCd+9/SnyVcESUaZ12rrx3qg3jcxFqP6x4iOuJ2s=
github.com/yosssi/gohtml v0.0.0-20190128141317-9b7db94d32d9/go.mod h1:+ccdNT0xMY1dtc5XBxumbYfOUhmduiGudqaDgD2rVRE=
golang.org/x/net v0.0.0-20181220203305-927f97764cc3 h1:eH6Eip3UpmR+yM/qI9Ijluzb1bNv/cAU/n+6l8tRSis=
golang.org/x/net v0.0.0-20181220203305-927f97764cc3/go.mod h1:mL1N/T3taQHkDXs73rZJwtUhF3w3ftmwwsq0BUmARs4=
golang.org/x/sys v0.0.0-20181128092732-4ed8d59d0b35/go.mod h1:STP8DvDyc/dI5b8T5hshtkjS+E42TnysNCUPdjciGhY=
