github.com/GeertJohan/go.incremental v1.0.0/go.mod h1:6fAjUhbVuX1KcMD3c8TEgVUqmo4seqhv0i0kdATSkM0=
github.com/GeertJohan/go.rice v1.0.0/go.mod h1:eH6gbSOAUv07dQuZVnBmoDP8mgsM1rtixis4Tib9if0=
github.com/Joker/hpp v1.0.0/go.mod h1:8x5n+M1Hp5hC0g8okX3sR3vFQwynaX/UgSOM9MeBKzY=
github.com/akavel/rsrc v0.8.0/go.mod h1:uLoCtb9J+EyAqh+26kdrTgmzRBFPGOolLWKpdxkKq+c=
github.com/alecthomas/assert v0.0.0-20170929043011-405dbfeb8e38 h1:smF2tmSOzy2Mm+0dGI2AIUHY+w0BUc+4tn40djz7+6U=
github.com/alecthomas/assert v0.0.0-20170929043011-405dbfeb8e38/go.mod h1:r7bzyVFMNntcxPZXK3/+KdruV1H5KSlyVY0gc+NgInI=
github.com/alecthomas/chroma v0.6.2 h1:aV6n3C/Womqo1zPZ7eyI0viybDslfbgqTUqxMMyCrDM=
github.com/alecthomas/chroma v0.6.2/go.mod h1:quT2EpvJNqkuPi6DmBHB+E33FXBgBBPzyH5++Dn1LPc=
github.com/alecthomas/chroma v0.6.3 h1:8H1D0yddf0mvgvO4JDBKnzLd9ERmzzAijBxnZXGV/FA=
github.com/alecthomas/chroma v0.6.3/go.mod h1:quT2EpvJNqkuPi6DmBHB+E33FXBgBBPzyH5++Dn1LPc=
github.com/alecthomas/chroma v0.6.6 h1:AwWMP1sWgMNgEiptNtV/T5GWOLtZFDdrc2ZfWx1ogmg=
github.com/alecthomas/chroma v0.6.6/go.mod h1:zVlgtbRS7BJDrDY9SB238RmpoCBCYFlLmcfZ3durxTk=
github.com/alecthomas/colour v0.0.0-20160524082231-60882d9e2721 h1:JHZL0hZKJ1VENNfmXvHbgYlbUOvpzYzvy2aZU5gXVeo=
github.com/alecthomas/colour v0.0.0-20160524082231-60882d9e2721/go.mod h1:QO9JBoKquHd+jz9nshCh40fOfO+JzsoXy8qTHF68zU0=
github.com/alecthomas/kong v0.1.15/go.mod h1:0m2VYms8rH0qbCqVB2gvGHk74bqLIq0HXjCs5bNbNQU=
github.com/alecthomas/kong v0.1.17-0.20190424132513-439c674f7ae0/go.mod h1:+inYUSluD+p4L8KdviBSgzcqEjUQOfC5fQDRFuc36lI=
github.com/alecthomas/kong v0.2.0/go.mod h1:+inYUSluD+p4L8KdviBSgzcqEjUQOfC5fQDRFuc36lI=
github.com/alecthomas/kong v0.2.1-0.20190708041108-0548c6b1afae/go.mod h1:+inYUSluD+p4L8KdviBSgzcqEjUQOfC5fQDRFuc36lI=
github.com/alecthomas/kong-hcl v0.1.8-0.20190615233001-b21fea9723c8/go.mod h1:MRgZdU3vrFd05IQ89AxUZ0aYdF39BYoNFa324SodPCA=
github.com/alecthomas/repr v0.0.0-20180818092828-117648cd9897 h1:p9Sln00KOTlrYkxI1zYWl1QLnEqAqEARBEYa8FQnQcY=
github.com/alecthomas/repr v0.0.0-20180818092828-117648cd9897/go.mod h1:xTS7Pm1pD1mvyM075QCDSRqH6qRLXylzS24ZTpRiSzQ=
github.com/alecthomas/repr v0.0.0-20181024024818-d37bc2a10ba1/go.mod h1:xTS7Pm1pD1mvyM075QCDSRqH6qRLXylzS24ZTpRiSzQ=
github.com/alecthomas/template v0.0.0-20160405071501-a0175ee3bccc h1:cAKDfWh5VpdgMhJosfJnn5/FoN2SRZ4p7fJNX58YPaU=
github.com/alecthomas/template v0.0.0-20160405071501-a0175ee3bccc/go.mod h1:LOuyumcjzFXgccqObfd/Ljyb9UuFJ6TxHnclSeseNhc=
github.com/alecthomas/template v0.0.0-20190718012654-fb15b899a751/go.mod h1:LOuyumcjzFXgccqObfd/Ljyb9UuFJ6TxHnclSeseNhc=
github.com/chilts/sid v0.0.0-20180928232130-250d10e55bf4 h1:PfSw6tpd+EJTEhprqveK3ZzFBf7BT0ZHoACFeligUtM=
github.com/chilts/sid v0.0.0-20180928232130-250d10e55bf4/go.mod h1:kxfWM/bJqzYYYVVaPjV3BwVhmczj6UN60b4qD5BobDI=
github.com/chilts/sid v0.0.0-20190607042430-660e94789ec9 h1:z0uK8UQqjMVYzvk4tiiu3obv2B44+XBsvgEJREQfnO8=
github.com/chilts/sid v0.0.0-20190607042430-660e94789ec9/go.mod h1:Jl2neWsQaDanWORdqZ4emBl50J4/aRBBS4FyyG9/PFo=
github.com/daaku/go.zipexe v1.0.0/go.mod h1:z8IiR6TsVLEYKwXAoE/I+8ys/sDkgTzSL0CLnGVd57E=
github.com/daaku/go.zipexe v1.0.1/go.mod h1:5xWogtqlYnfBXkSB1o9xysukNP9GTvaNkqzUZbt3Bw8=
github.com/danwakefield/fnmatch v0.0.0-20160403171240-cbb64ac3d964 h1:y5HC9v93H5EPKqaS1UYVg1uYah5Xf51mBfIoWehClUQ=
github.com/danwakefield/fnmatch v0.0.0-20160403171240-cbb64ac3d964/go.mod h1:Xd9hchkHSWYkEqJwUGisez3G1QY8Ryz0sdWrLPMGjLk=
github.com/davecgh/go-spew v1.1.0/go.mod h1:J7Y8YcW2NihsgmVo/mv3lAwl/skON4iLHjSsI+c5H38=
github.com/davecgh/go-spew v1.1.1 h1:vj9j/u1bqnvCEfJOwUhtlOARqs3+rkHYY13jYWTU97c=
github.com/davecgh/go-spew v1.1.1/go.mod h1:J7Y8YcW2NihsgmVo/mv3lAwl/skON4iLHjSsI+c5H38=
github.com/deckarep/golang-set v1.7.1/go.mod h1:93vsz/8Wt4joVM7c2AVqh+YRMiUSc14yDtF28KmMOgQ=
github.com/dlclark/regexp2 v1.1.6 h1:CqB4MjHw0MFCDj+PHHjiESmHX+N7t0tJzKvC6M97BRg=
github.com/dlclark/regexp2 v1.1.6/go.mod h1:2pZnwuY/m+8K6iRw6wQdMtk+rH5tNGR1i55kozfMjCc=
github.com/dlclark/regexp2 v1.1.8 h1:PaGxkppZw/DfM3uf94XCjAdwgUCx4yVAI203rNk8xDs=
github.com/dlclark/regexp2 v1.1.8/go.mod h1:2pZnwuY/m+8K6iRw6wQdMtk+rH5tNGR1i55kozfMjCc=
github.com/dlclark/regexp2 v1.2.0 h1:8sAhBGEM0dRWogWqWyQeIJnxjWO6oIjl8FKqREDsGfk=
github.com/dlclark/regexp2 v1.2.0/go.mod h1:2pZnwuY/m+8K6iRw6wQdMtk+rH5tNGR1i55kozfMjCc=
github.com/gomarkdown/markdown v0.0.0-20181104084050-d1d0edeb5d85 h1:C0jjY7t3mKMmf4hXf4tYmc4KOZLx1K0em8kq685+JBM=
github.com/gomarkdown/markdown v0.0.0-20181104084050-d1d0edeb5d85/go.mod h1:gmFANS06wAVmF0B9yi65QKsRmPQ97tze7FRLswua+OY=
github.com/gomarkdown/markdown v0.0.0-20190222000725-ee6a7931a1e4 h1:vELsocEzlhM4lk2nhxolEaQrMp25u7/i9IX8s9uLads=
github.com/gomarkdown/markdown v0.0.0-20190222000725-ee6a7931a1e4/go.mod h1:gmFANS06wAVmF0B9yi65QKsRmPQ97tze7FRLswua+OY=
github.com/gomarkdown/markdown v0.0.0-20190802011031-b3dd8ce84a34 h1:ReCH/CAy9I/3I5kTaIi68r8Fcf50MEs//X1y9S29KMU=
github.com/gomarkdown/markdown v0.0.0-20190802011031-b3dd8ce84a34/go.mod h1:JDGcbDT52eL4fju3sZ4TeHGsQwhG9nbDV21aMyhwPoA=
github.com/gorilla/csrf v1.6.0/go.mod h1:7tSf8kmjNYr7IWDCYhd3U8Ck34iQ/Yw5CJu7bAkHEGI=
github.com/gorilla/handlers v1.4.1/go.mod h1:Qkdc/uu4tH4g6mTK6auzZ766c4CA0Ng8+o/OAirnOIQ=
github.com/gorilla/handlers v1.4.2/go.mod h1:Qkdc/uu4tH4g6mTK6auzZ766c4CA0Ng8+o/OAirnOIQ=
github.com/gorilla/mux v1.7.3/go.mod h1:1lud6UwP+6orDFRuTfBEV8e9/aOM/c4fVVCaMa2zaAs=
github.com/gorilla/securecookie v1.1.1/go.mod h1:ra0sb63/xPlUeL+yeDciTfxMRAA+MP+HVt/4epWDjd4=
github.com/hashicorp/hcl v1.0.0/go.mod h1:E5yfLk+7swimpb2L/Alb/PJmXilQ/rhwaUYs4T20WEQ=
github.com/jessevdk/go-flags v1.4.0/go.mod h1:4FA24M0QyGHXBuZZK/XkWh8h0e1EYbRYJSGM75WSRxI=
github.com/kjk/betterguid v0.0.0-20170621091430-c442874ba63a h1:b+Gt8sQs//Sl5Dcem5zP9Qc2FgEUAygREa2AAa2Vmcw=
github.com/kjk/betterguid v0.0.0-20170621091430-c442874ba63a/go.mod h1:uxRAhHE1nl34DpWgfe0CYbNYbCnYplaB6rZH9ReWtUk=
github.com/kjk/notionapi v0.0.0-20190201233602-ddf1f774f988 h1:IGbKXeIvxNGDxRi5CWkxdUkdY5UoczUU5dPWUasb8MU=
github.com/kjk/notionapi v0.0.0-20190201233602-ddf1f774f988/go.mod h1:Z/EMHQc5WHTPxNNOSLVgtCWGcZKUl/09/tXL/3rRDU0=
github.com/kjk/notionapi v0.0.0-20190322025246-8ffa904ade1a h1:b01uP7qdgDQEDQhxbmHGoudWqLb/CKV72odyw1kDMgc=
github.com/kjk/notionapi v0.0.0-20190322025246-8ffa904ade1a/go.mod h1:Z/EMHQc5WHTPxNNOSLVgtCWGcZKUl/09/tXL/3rRDU0=
github.com/kjk/notionapi v0.0.0-20190322033435-a48eced3bf87 h1:lF7Gx10NEYLGCszb4jTf6S3RoZ+hV3Qv9TVhS4zJN/g=
github.com/kjk/notionapi v0.0.0-20190322033435-a48eced3bf87/go.mod h1:Z/EMHQc5WHTPxNNOSLVgtCWGcZKUl/09/tXL/3rRDU0=
github.com/kjk/notionapi v0.0.0-20190322075546-7fc31d25aeb2 h1:lu/K5UEWsm4rbaZxc3ykwpaemv5V9Al8AimyVfKySXM=
github.com/kjk/notionapi v0.0.0-20190322075546-7fc31d25aeb2/go.mod h1:Z/EMHQc5WHTPxNNOSLVgtCWGcZKUl/09/tXL/3rRDU0=
github.com/kjk/notionapi v0.0.0-20190324094712-848667137479 h1:vgkhY2sqCTUDYiH6LzL4QOA9yda0OwEKuU+0vvmh/ZY=
github.com/kjk/notionapi v0.0.0-20190324094712-848667137479/go.mod h1:Z/EMHQc5WHTPxNNOSLVgtCWGcZKUl/09/tXL/3rRDU0=
github.com/kjk/notionapi v0.0.0-20190409091257-7eacf9bbb74d h1:wDcfASZJ04jGx07/MNYSUAQw5st/L4jaAHWJiqjIzuo=
github.com/kjk/notionapi v0.0.0-20190409091257-7eacf9bbb74d/go.mod h1:Z/EMHQc5WHTPxNNOSLVgtCWGcZKUl/09/tXL/3rRDU0=
github.com/kjk/notionapi v0.0.0-20190409103653-9523a2b0f2bc h1:FvDn9+X1tLPe+Ygm+CD4Lx37Uxn2iDdveRvD37/5VL0=
github.com/kjk/notionapi v0.0.0-20190409103653-9523a2b0f2bc/go.mod h1:Z/EMHQc5WHTPxNNOSLVgtCWGcZKUl/09/tXL/3rRDU0=
github.com/kjk/notionapi v0.0.0-20190409103944-ba03c4c66c83 h1:R7BQwbxXZOt3+4fHN/Vp378wj3dcgQmclZ27GJ6qmbo=
github.com/kjk/notionapi v0.0.0-20190409103944-ba03c4c66c83/go.mod h1:Z/EMHQc5WHTPxNNOSLVgtCWGcZKUl/09/tXL/3rRDU0=
github.com/kjk/notionapi v0.0.0-20190409160627-84e43f7077be h1:h4daGfoKmkRZMjwI1pTh8qt5wi+jEt18EkUYa+8JIqY=
github.com/kjk/notionapi v0.0.0-20190409160627-84e43f7077be/go.mod h1:Z/EMHQc5WHTPxNNOSLVgtCWGcZKUl/09/tXL/3rRDU0=
github.com/kjk/notionapi v0.0.0-20190409161436-fd6e679aadbc h1:DdjXkVSmR+qk4G+N/5wEslATKiawcsk0+P9CI5Igwtg=
github.com/kjk/notionapi v0.0.0-20190409161436-fd6e679aadbc/go.mod h1:Z/EMHQc5WHTPxNNOSLVgtCWGcZKUl/09/tXL/3rRDU0=
github.com/kjk/notionapi v0.0.0-20190409162916-1a9f9fb8e6b3 h1:/fJt1UqphxTCl4AoisqhndTNvJlQ+BHN5xU64y7IsoQ=
github.com/kjk/notionapi v0.0.0-20190409162916-1a9f9fb8e6b3/go.mod h1:Z/EMHQc5WHTPxNNOSLVgtCWGcZKUl/09/tXL/3rRDU0=
github.com/kjk/notionapi v0.0.0-20190409171736-0550584370a1 h1:Uf5SZhf4nPwJkyQZbE0FQfTx8UBWdyDZ4t5Ya3L23Pk=
github.com/kjk/notionapi v0.0.0-20190409171736-0550584370a1/go.mod h1:Z/EMHQc5WHTPxNNOSLVgtCWGcZKUl/09/tXL/3rRDU0=
github.com/kjk/notionapi v0.0.0-20190409175041-1843ff7a5b43 h1:YqZSYmGFgz1lHXTORRcuPbJOBsqj+A2kr/23zxys6vA=
github.com/kjk/notionapi v0.0.0-20190409175041-1843ff7a5b43/go.mod h1:Z/EMHQc5WHTPxNNOSLVgtCWGcZKUl/09/tXL/3rRDU0=
github.com/kjk/notionapi v0.0.0-20190409210600-a23710b7e43d h1:1R0ZL7crN7gq8trIMq8j8Vg1GdNYavLmZZHrSpM1pOo=
github.com/kjk/notionapi v0.0.0-20190409210600-a23710b7e43d/go.mod h1:Z/EMHQc5WHTPxNNOSLVgtCWGcZKUl/09/tXL/3rRDU0=
github.com/kjk/notionapi v0.0.0-20190409212542-9aca4feceae0 h1:E5T0B6O8JVnFPCBLleTh7QBawGpLCVN1edGl95DqtPc=
github.com/kjk/notionapi v0.0.0-20190409212542-9aca4feceae0/go.mod h1:Z/EMHQc5WHTPxNNOSLVgtCWGcZKUl/09/tXL/3rRDU0=
github.com/kjk/notionapi v0.0.0-20190409215821-014605ccfc0f h1:/00iWkOeIpP5p5RKk86mD+0NShlKh7FdLnCaX0ozLjo=
github.com/kjk/notionapi v0.0.0-20190409215821-014605ccfc0f/go.mod h1:Z/EMHQc5WHTPxNNOSLVgtCWGcZKUl/09/tXL/3rRDU0=
github.com/kjk/notionapi v0.0.0-20190409220120-3ea0cbcfb041 h1:gVEPqU1ZJOg2UfWfPD8dFuPP0GIyBuJvANH97MGilu0=
github.com/kjk/notionapi v0.0.0-20190409220120-3ea0cbcfb041/go.mod h1:Z/EMHQc5WHTPxNNOSLVgtCWGcZKUl/09/tXL/3rRDU0=
github.com/kjk/notionapi v0.0.0-20190409234751-7e4fe51c064c h1:iYm5zc1XaPEt6uZLkfksxhMLya1W5pFOP7ymR+P3jNM=
github.com/kjk/notionapi v0.0.0-20190409234751-7e4fe51c064c/go.mod h1:Z/EMHQc5WHTPxNNOSLVgtCWGcZKUl/09/tXL/3rRDU0=
github.com/kjk/notionapi v0.0.0-20190410080952-161ef4b0966b h1:PiaWdy3ikiSlEpicLPHErcmgJpJrCY9odAFbrtbvWpo=
github.com/kjk/notionapi v0.0.0-20190410080952-161ef4b0966b/go.mod h1:Z/EMHQc5WHTPxNNOSLVgtCWGcZKUl/09/tXL/3rRDU0=
github.com/kjk/notionapi v0.0.0-20190410210526-5ff6b2c281d4 h1:cWHw2ZpX54c8+02vWKnlwEJdR8cMBfngr85x+iR59zo=
github.com/kjk/notionapi v0.0.0-20190410210526-5ff6b2c281d4/go.mod h1:Z/EMHQc5WHTPxNNOSLVgtCWGcZKUl/09/tXL/3rRDU0=
github.com/kjk/notionapi v0.0.0-20190410215102-212e0be3dbe3 h1:1bccA0vLv/pP23hCdMReYv1eZP4oxLO35rfGksLJOnY=
github.com/kjk/notionapi v0.0.0-20190410215102-212e0be3dbe3/go.mod h1:Z/EMHQc5WHTPxNNOSLVgtCWGcZKUl/09/tXL/3rRDU0=
github.com/kjk/notionapi v0.0.0-20190410222035-ca71c79514e0 h1:5gy9AmtE5o7U1ZeihZTyPjPhu8mWtjxelahdeGLu01c=
github.com/kjk/notionapi v0.0.0-20190410222035-ca71c79514e0/go.mod h1:Z/EMHQc5WHTPxNNOSLVgtCWGcZKUl/09/tXL/3rRDU0=
github.com/kjk/notionapi v0.0.0-20190410223750-2ffc759f2bd5 h1:y7mPIFsQB7epLX/4ffivAE9DyT8IiOL9k418q4qhR7A=
github.com/kjk/notionapi v0.0.0-20190410223750-2ffc759f2bd5/go.mod h1:Z/EMHQc5WHTPxNNOSLVgtCWGcZKUl/09/tXL/3rRDU0=
github.com/kjk/notionapi v0.0.0-20190411001222-b95d0aedce7f h1:epIfOiA8zz1ASHXoQcPYS/4Fh0pohenX0Bex/BrSlZM=
github.com/kjk/notionapi v0.0.0-20190411001222-b95d0aedce7f/go.mod h1:Z/EMHQc5WHTPxNNOSLVgtCWGcZKUl/09/tXL/3rRDU0=
github.com/kjk/notionapi v0.0.0-20190411050623-1ff382f4104c h1:y+G5LLpgQZBZo7GcVubFAHGrfOp41xuiEjdS45aa4cs=
github.com/kjk/notionapi v0.0.0-20190411050623-1ff382f4104c/go.mod h1:Z/EMHQc5WHTPxNNOSLVgtCWGcZKUl/09/tXL/3rRDU0=
github.com/kjk/notionapi v0.0.0-20190411053513-c12aa86de049 h1:zDXHXGqZvgStUBuC7lRanH0WscJs2hJdEWIbw7jo9XQ=
github.com/kjk/notionapi v0.0.0-20190411053513-c12aa86de049/go.mod h1:Z/EMHQc5WHTPxNNOSLVgtCWGcZKUl/09/tXL/3rRDU0=
github.com/kjk/notionapi v0.0.0-20190418025911-db4cbff71133 h1:9KDuGmsRuOu9ivjIr7JjRkrTbyb/oVUcCKIFvmdFR+E=
github.com/kjk/notionapi v0.0.0-20190418025911-db4cbff71133/go.mod h1:Z/EMHQc5WHTPxNNOSLVgtCWGcZKUl/09/tXL/3rRDU0=
github.com/kjk/notionapi v0.0.0-20190418032306-16f5e01a3c80 h1:+s3OdxBaAKSwz2YRbQijqu15eaRLu6cXJ7iBYnNv9e4=
github.com/kjk/notionapi v0.0.0-20190418032306-16f5e01a3c80/go.mod h1:Z/EMHQc5WHTPxNNOSLVgtCWGcZKUl/09/tXL/3rRDU0=
github.com/kjk/notionapi v0.0.0-20190504213955-d22d50ceb8be h1:ZQKKN6j2McgfWKb6YAwNwYLDgIBMn5CU4X4SUAhMas4=
github.com/kjk/notionapi v0.0.0-20190504213955-d22d50ceb8be/go.mod h1:Z/EMHQc5WHTPxNNOSLVgtCWGcZKUl/09/tXL/3rRDU0=
github.com/kjk/notionapi v0.0.0-20190727083811-c8b209e40761 h1:9epb5sC3vHY7+Gd/dWK9fObVHceheBgBEnEpks7lYHI=
github.com/kjk/notionapi v0.0.0-20190727083811-c8b209e40761/go.mod h1:Z/EMHQc5WHTPxNNOSLVgtCWGcZKUl/09/tXL/3rRDU0=
github.com/kjk/notionapi v0.0.0-20190801060608-604d4bdf3ec7 h1:uxUYWsZG/y9UREh+5bnbfid+wPPstWDpyIGuhJygsSA=
github.com/kjk/notionapi v0.0.0-20190801060608-604d4bdf3ec7/go.mod h1:Z/EMHQc5WHTPxNNOSLVgtCWGcZKUl/09/tXL/3rRDU0=
github.com/kjk/notionapi v0.0.0-20190801061857-91379efc609d h1:Bq9vsKb3FnODdjAmknA3jBaM/U9aWIce6Tn0o4j123c=
github.com/kjk/notionapi v0.0.0-20190801061857-91379efc609d/go.mod h1:Z/EMHQc5WHTPxNNOSLVgtCWGcZKUl/09/tXL/3rRDU0=
github.com/kjk/notionapi v0.0.0-20190808072438-e0b5eb863b99 h1:nOsPrtQ2qXw28e0QJxLUuF+Sk26j9CCDhetrEuqCFC0=
github.com/kjk/notionapi v0.0.0-20190808072438-e0b5eb863b99/go.mod h1:WlZ3SsQAYhULPTEKwrXGlCwDPeRzqH92uc6XuS9GqpA=
github.com/kjk/notionapi v0.0.0-20190808232127-95426c2a3f85 h1:DFG8w0yT8PAwErplk4ngWG+rR9bIgGU2HwNKPi6mu7s=
github.com/kjk/notionapi v0.0.0-20190808232127-95426c2a3f85/go.mod h1:WlZ3SsQAYhULPTEKwrXGlCwDPeRzqH92uc6XuS9GqpA=
github.com/kjk/notionapi v0.0.0-20190808234510-efc00a194ce5 h1:YawBd/OB7TqERhrOcUvNtDypJAipNvmApiWN4lDrfyE=
github.com/kjk/notionapi v0.0.0-20190808234510-efc00a194ce5/go.mod h1:WlZ3SsQAYhULPTEKwrXGlCwDPeRzqH92uc6XuS9GqpA=
github.com/kjk/u v0.0.0-20170711051841-93181be023c9 h1:1j5Nzg2ooGH8dCMJiiMeRaW8nc299dVotlOkT9RTaK4=
github.com/kjk/u v0.0.0-20170711051841-93181be023c9/go.mod h1:1FuNJuW8o6xAHuUmu/8Iz26DkqkZJ353v42zJpkQonk=
github.com/kylelemons/godebug v0.0.0-20170820004349-d65d576e9348 h1:MtvEpTB6LX3vkb4ax0b5D2DHbNAUsen0Gx5wZoq3lV4=
github.com/kylelemons/godebug v0.0.0-20170820004349-d65d576e9348/go.mod h1:B69LEHPfb2qLo0BaaOLcbitczOKLWTsrBG9LczfCD4k=
github.com/kylelemons/godebug v1.1.0/go.mod h1:9/0rRGxNHcop5bhtWyNeEfOS8JIWk580+fNqagV/RAw=
github.com/mattn/go-colorable v0.0.9/go.mod h1:9vuHe8Xs5qXnSaW/c/ABM9alt+Vo+STaOChaDxuIBZU=
github.com/mattn/go-colorable v0.1.2/go.mod h1:U0ppj6V5qS13XJ6of8GYAs25YV2eR4EVcfRqFIhoBtE=
github.com/mattn/go-isatty v0.0.4 h1:bnP0vzxcAdeI1zdubAl5PjU6zsERjGZb7raWodagDYs=
github.com/mattn/go-isatty v0.0.4/go.mod h1:M+lRXTBqGeGNdLjl/ufCoiOlB5xdOkqRJdNxMWT7Zi4=
github.com/mattn/go-isatty v0.0.8/go.mod h1:Iq45c/XA43vh69/j3iqttzPXn0bhXyGjM0Hdxcsrc5s=
github.com/microcosm-cc/bluemonday v1.0.2 h1:5lPfLTTAvAbtS0VqT+94yOtFnGfUWYyx0+iToC3Os3s=
github.com/microcosm-cc/bluemonday v1.0.2/go.mod h1:iVP4YcDBq+n/5fb23BhYFvIMq/leAFZyRl6bYmGDlGc=
github.com/mitchellh/mapstructure v1.1.2/go.mod h1:FVVH3fgwuzCH5S8UJGiWEs2h04kUh9fWfEaFds41c1Y=
github.com/nkovacs/streamquote v0.0.0-20170412213628-49af9bddb229/go.mod h1:0aYXnNPJ8l7uZxf45rWW1a/uME32OF0rhiYGNQ2oF2E=
github.com/nkovacs/streamquote v1.0.0/go.mod h1:BN+NaZ2CmdKqUuTUXUEm9j95B2TRbpOWpxbJYzzgUsc=
github.com/oklog/ulid v1.3.1 h1:EGfNDEx6MqHz8B3uNV6QAib1UR2Lm97sHi3ocA6ESJ4=
github.com/oklog/ulid v1.3.1/go.mod h1:CirwcVhetQ6Lv90oh/F+FBtV6XMibvdAFo93nm5qn4U=
github.com/pkg/errors v0.8.0/go.mod h1:bwawxfHBFNV+L2hUp1rHADufV3IMtnDRdf1r5NINEl0=
github.com/pkg/errors v0.8.1/go.mod h1:bwawxfHBFNV+L2hUp1rHADufV3IMtnDRdf1r5NINEl0=
github.com/pmezard/go-difflib v1.0.0 h1:4DBwDE0NGyQoBHbLQYPwSUPoCMWR5BEzIk/f1lZbAQM=
github.com/pmezard/go-difflib v1.0.0/go.mod h1:iKH77koFhYxTK1pcRnkKkqfTogsbg7gZNVY4sRDYZ/4=
github.com/rs/xid v1.2.1 h1:mhH9Nq+C1fY2l1XIpgxIiUOfNpRBYH1kKcr+qfKgjRc=
github.com/rs/xid v1.2.1/go.mod h1:+uKXf+4Djp6Md1KODXJxgGQPKngRmWyn10oCKFzNHOQ=
github.com/satori/go.uuid v1.2.0 h1:0uYX9dsZ2yD7q2RtLRtPSdGDWzjeM3TbMJP9utgA0ww=
github.com/satori/go.uuid v1.2.0/go.mod h1:dA0hQrYB0VpLJoorglMZABFdXlWrHn1NEOzdhQKdks0=
github.com/segmentio/ksuid v1.0.2 h1:9yBfKyw4ECGTdALaF09Snw3sLJmYIX6AbPJrAy6MrDc=
github.com/segmentio/ksuid v1.0.2/go.mod h1:BXuJDr2byAiHuQaQtSKoXh1J0YmUDurywOXgB2w+OSU=
github.com/sergi/go-diff v1.0.0 h1:Kpca3qRNrduNnOQeazBd0ysaKrUJiIuISHxogkT9RPQ=
github.com/sergi/go-diff v1.0.0/go.mod h1:0CfEIISq7TuYL3j771MWULgwwjU+GofnZX9QAmXWZgo=
github.com/sony/sonyflake v0.0.0-20181109022403-6d5bd6181009 h1:3wBL/e/qjpSYaXacpbIV+Bsj/nwQ4UO1llG/av54zzw=
github.com/sony/sonyflake v0.0.0-20181109022403-6d5bd6181009/go.mod h1:dVvZuWJd174umvm5g8CmZD6S2GWwHKtpK/0ZPHswuNo=
github.com/sony/sonyflake v1.0.0 h1:MpU6Ro7tfXwgn2l5eluf9xQvQJDROTBImNCfRXn/YeM=
github.com/sony/sonyflake v1.0.0/go.mod h1:Jv3cfhf/UFtolOTTRd3q4Nl6ENqM+KfyZ5PseKfZGF4=
github.com/stretchr/objx v0.1.0/go.mod h1:HFkY916IF+rwdDfMAkV7OtwuqBVzrE8GR6GFx+wExME=
github.com/stretchr/objx v0.2.0/go.mod h1:qt09Ya8vawLte6SNmTgCsAVtYtaKzEcn8ATUoHMkEqE=
github.com/stretchr/testify v1.2.2 h1:bSDNvY7ZPG5RlJ8otE/7V6gMiyenm9RtJ7IUVIAoJ1w=
github.com/stretchr/testify v1.2.2/go.mod h1:a8OnRcib4nhh0OaRAV+Yts87kKdq0PP7pXfy6kDkUVs=
github.com/stretchr/testify v1.3.0 h1:TivCn/peBQ7UY8ooIcPgZFpTNSz0Q2U6UrFlUfqbe0Q=
github.com/stretchr/testify v1.3.0/go.mod h1:M5WIy9Dh21IEIfnGCwXGc5bZfKNJtfHm1UVUgZn+9EI=
github.com/thomas11/atomgenerator v0.0.0-20140514140532-0b3b01da14a4 h1:ZuDKQkM6uOhKCeU05T5KCUk1AC6JS9AdWsUZqgyslnk=
github.com/thomas11/atomgenerator v0.0.0-20140514140532-0b3b01da14a4/go.mod h1:H3n3XjdGInSdZALpe4edjsyYeRIthfoQermE5Yn9b2o=
github.com/valyala/bytebufferpool v1.0.0/go.mod h1:6bBcMArwyJ5K/AmCkWv1jt77kVWyCJ6HpOuEn7z0Csc=
github.com/valyala/fasttemplate v1.0.1/go.mod h1:UQGH1tvbgY+Nz5t2n7tXsz52dQxojPUpymEIMZ47gx8=
github.com/yosssi/gohtml v0.0.0-20190128141317-9b7db94d32d9 h1:fy3FCd+9/SnyVcESUaZ12rrx3qg3jcxFqP6x4iOuJ2s=
github.com/yosssi/gohtml v0.0.0-20190128141317-9b7db94d32d9/go.mod h1:+ccdNT0xMY1dtc5XBxumbYfOUhmduiGudqaDgD2rVRE=
golang.org/x/crypto v0.0.0-20190308221718-c2843e01d9a2/go.mod h1:djNgcEr1/C05ACkg1iLfiJU5Ep61QUkGW8qpdssI0+w=
golang.org/x/crypto v0.0.0-20190701094942-4def268fd1a4/go.mod h1:yigFU9vqHzYiE8UmvKecakEJjdnWj3jj499lnFckfCI=
golang.org/x/net v0.0.0-20181220203305-927f97764cc3 h1:eH6Eip3UpmR+yM/qI9Ijluzb1bNv/cAU/n+6l8tRSis=
golang.org/x/net v0.0.0-20181220203305-927f97764cc3/go.mod h1:mL1N/T3taQHkDXs73rZJwtUhF3w3ftmwwsq0BUmARs4=
golang.org/x/net v0.0.0-20190327091125-710a502c58a2/go.mod h1:t9HGtf8HONx5eT2rtn7q6eTqICYqUVnKs3thJo3Qplg=
golang.org/x/net v0.0.0-20190404232315-eb5bcb51f2a3/go.mod h1:t9HGtf8HONx5eT2rtn7q6eTqICYqUVnKs3thJo3Qplg=
golang.org/x/net v0.0.0-20190620200207-3b0461eec859/go.mod h1:z5CRVTTTmAJ677TzLLGU+0bjPO0LkuOLi4/5GtJWs/s=
golang.org/x/net v0.0.0-20190724013045-ca1201d0de80 h1:Ao/3l156eZf2AW5wK8a7/smtodRU+gha3+BeqJ69lRk=
golang.org/x/net v0.0.0-20190724013045-ca1201d0de80/go.mod h1:z5CRVTTTmAJ677TzLLGU+0bjPO0LkuOLi4/5GtJWs/s=
golang.org/x/sync v0.0.0-20190423024810-112230192c58/go.mod h1:RxMgew5VJxzue5/jJTE5uejpjVlOe/izrB70Jof72aM=
golang.org/x/sys v0.0.0-20181128092732-4ed8d59d0b35/go.mod h1:STP8DvDyc/dI5b8T5hshtkjS+E42TnysNCUPdjciGhY=
golang.org/x/sys v0.0.0-20190215142949-d0b11bdaac8a/go.mod h1:STP8DvDyc/dI5b8T5hshtkjS+E42TnysNCUPdjciGhY=
golang.org/x/sys v0.0.0-20190222072716-a9d3bda3a223/go.mod h1:STP8DvDyc/dI5b8T5hshtkjS+E42TnysNCUPdjciGhY=
golang.org/x/sys v0.0.0-20190412213103-97732733099d/go.mod h1:h1NjWce9XRLGQEsW7wpKNCjG9DtNlClVuFLEZdDNbEs=
golang.org/x/sys v0.0.0-20190726091711-fc99dfbffb4e/go.mod h1:h1NjWce9XRLGQEsW7wpKNCjG9DtNlClVuFLEZdDNbEs=
golang.org/x/sys v0.0.0-20190801041406-cbf593c0f2f3/go.mod h1:h1NjWce9XRLGQEsW7wpKNCjG9DtNlClVuFLEZdDNbEs=
golang.org/x/sys v0.0.0-20190804053845-51ab0e2deafa/go.mod h1:h1NjWce9XRLGQEsW7wpKNCjG9DtNlClVuFLEZdDNbEs=
golang.org/x/text v0.3.0/go.mod h1:NqM8EUOU14njkJ3fqMW+pc6Ldnwhi/IjpwHt7yyuwOQ=
golang.org/x/text v0.3.2/go.mod h1:bEr9sfX3Q8Zfm5fL9x+3itogRgK3+ptLWKqgva+5dAk=
golang.org/x/tools v0.0.0-20180917221912-90fa682c2a6e/go.mod h1:n7NCudcB/nEzxVGmLbDWY5pfWTLqBcC2KZ6jyYvM4mQ=
golang.org/x/tools v0.0.0-20190726230722-1bd56024c620/go.mod h1:jcCCGcm9btYwXyDqrUWc6MKQKKGJCWEQ3AfLSRIbEuI=
golang.org/x/tools v0.0.0-20190731214159-1e85ed8060aa/go.mod h1:jcCCGcm9btYwXyDqrUWc6MKQKKGJCWEQ3AfLSRIbEuI=
golang.org/x/tools v0.0.0-20190807223507-b346f7fd45de/go.mod h1:b+2E5dAYhXwXZwtnZ6UAqBI28+e2cm9otk0dWdXHAEo=
golang.org/x/xerrors v0.0.0-20190717185122-a985d3407aa7/go.mod h1:I/5z698sn9Ka8TeJc9MKroUUfqBBauWjQqLJ2OPfmY0=
